# This file is automatically @generated by Cargo.
# It is not intended for manual editing.
version = 3

[[package]]
name = "cortex-a"
version = "6.1.0"
source = "registry+https://github.com/rust-lang/crates.io-index"
checksum = "509fc35485a2b4ddbacabe0bf2212cdfff88da93658608e5cc651afcb75b7733"
dependencies = [
 "tock-registers",
]

[[package]]
name = "mingo"
version = "0.8.0"
dependencies = [
 "cortex-a",
 "tock-registers",
]

[[package]]
name = "tock-registers"
version = "0.7.0"
source = "registry+https://github.com/rust-lang/crates.io-index"
checksum = "4ee8fba06c1f4d0b396ef61a54530bb6b28f0dc61c38bc8bc5a5a48161e6282e"
