# This file is automatically @generated by Cargo.
# It is not intended for manual editing.
[[package]]
name = "cortex-a"
version = "5.1.0"
source = "registry+https://github.com/rust-lang/crates.io-index"
checksum = "dc37a4862a4f5b40df96f5e0f3bd4ce6a1bd8bb59a965cd476844673faf83896"
dependencies = [
 "register",
]

[[package]]
name = "kernel"
version = "0.1.0"
dependencies = [
 "cortex-a",
 "qemu-exit",
 "register",
 "test-macros",
 "test-types",
]

[[package]]
name = "proc-macro2"
version = "1.0.24"
source = "registry+https://github.com/rust-lang/crates.io-index"
checksum = "1e0704ee1a7e00d7bb417d0770ea303c1bccbabf0ef1667dae92b5967f5f8a71"
dependencies = [
 "unicode-xid",
]

[[package]]
name = "qemu-exit"
version = "1.0.1"
source = "registry+https://github.com/rust-lang/crates.io-index"
checksum = "0e64f0ef443037525a562c4fa6ad3460a351ec10c7ebb0b6c49a87a576d0d1b5"

[[package]]
name = "quote"
version = "1.0.8"
source = "registry+https://github.com/rust-lang/crates.io-index"
checksum = "991431c3519a3f36861882da93630ce66b52918dcf1b8e2fd66b397fc96f28df"
dependencies = [
 "proc-macro2",
]

[[package]]
name = "register"
version = "1.0.1"
source = "registry+https://github.com/rust-lang/crates.io-index"
checksum = "faf386c0c48fea132b7fbbf71c32d1b1d62e7c59043bbabdd15c9ed9f254517e"
dependencies = [
 "tock-registers",
]

[[package]]
name = "syn"
version = "1.0.56"
source = "registry+https://github.com/rust-lang/crates.io-index"
checksum = "a9802ddde94170d186eeee5005b798d9c159fa970403f1be19976d0cfb939b72"
dependencies = [
 "proc-macro2",
 "quote",
 "unicode-xid",
]

[[package]]
name = "test-macros"
version = "0.1.0"
dependencies = [
 "proc-macro2",
 "quote",
 "syn",
 "test-types",
]

[[package]]
name = "test-types"
version = "0.1.0"

[[package]]
name = "tock-registers"
version = "0.6.0"
source = "registry+https://github.com/rust-lang/crates.io-index"
checksum = "f521a79accce68c417c9c77ce22108056b626126da1932f7e2e9b5bbffee0cea"

[[package]]
name = "unicode-xid"
version = "0.2.1"
source = "registry+https://github.com/rust-lang/crates.io-index"
checksum = "f7fe0bb3479651439c9112f72b6c505038574c9fbb575ed1bf3b797fa39dd564"
