# This file is automatically @generated by Cargo.
# It is not intended for manual editing.
version = 3

[[package]]
name = "cortex-a"
version = "7.0.0"
source = "registry+https://github.com/rust-lang/crates.io-index"
checksum = "b27f5d071b671f9799dfdf0c0afcec11de65195383d36e186639c83b00705e4f"
dependencies = [
 "tock-registers",
]

[[package]]
name = "mingo"
version = "0.10.0"
dependencies = [
 "cortex-a",
 "tock-registers",
]

[[package]]
name = "tock-registers"
version = "0.7.0"
source = "registry+https://github.com/rust-lang/crates.io-index"
checksum = "4ee8fba06c1f4d0b396ef61a54530bb6b28f0dc61c38bc8bc5a5a48161e6282e"
