# This file is automatically @generated by Cargo.
# It is not intended for manual editing.
version = 3

[[package]]
name = "cortex-a"
version = "8.0.0"
source = "registry+https://github.com/rust-lang/crates.io-index"
checksum = "0cd4524931a4e0ec50ae91f0d55f571f31ffe11dd9ce2f9905b8343c018c25bb"
dependencies = [
 "tock-registers",
]

[[package]]
name = "mingo"
version = "0.10.0"
dependencies = [
 "cortex-a",
 "tock-registers",
]

[[package]]
name = "tock-registers"
version = "0.8.1"
source = "registry+https://github.com/rust-lang/crates.io-index"
checksum = "696941a0aee7e276a165a978b37918fd5d22c55c3d6bda197813070ca9c0f21c"
