# This file is automatically @generated by Cargo.
# It is not intended for manual editing.
[[package]]
name = "cortex-a"
version = "2.7.0"
source = "registry+https://github.com/rust-lang/crates.io-index"
dependencies = [
 "register 0.3.3 (registry+https://github.com/rust-lang/crates.io-index)",
]

[[package]]
name = "kernel"
version = "0.1.0"
dependencies = [
 "cortex-a 2.7.0 (registry+https://github.com/rust-lang/crates.io-index)",
]

[[package]]
name = "register"
version = "0.3.3"
source = "registry+https://github.com/rust-lang/crates.io-index"
dependencies = [
 "tock-registers 0.3.0 (registry+https://github.com/rust-lang/crates.io-index)",
]

[[package]]
name = "tock-registers"
version = "0.3.0"
source = "registry+https://github.com/rust-lang/crates.io-index"

[metadata]
"checksum cortex-a 2.7.0 (registry+https://github.com/rust-lang/crates.io-index)" = "cbb16c411ab74044f174746a6cbae67bcdebea126e376b5441e5986e6a6aa950"
"checksum register 0.3.3 (registry+https://github.com/rust-lang/crates.io-index)" = "469bb5ddde81d67fb8bba4e14d77689b8166cfd077abe7530591cefe29d05823"
"checksum tock-registers 0.3.0 (registry+https://github.com/rust-lang/crates.io-index)" = "c758f5195a2e0df9d9fecf6f506506b2766ff74cf64db1e995c87e2761a5c3e2"
