# This file is automatically @generated by Cargo.
# It is not intended for manual editing.
[[package]]
name = "cortex-a"
version = "5.0.0"
source = "registry+https://github.com/rust-lang/crates.io-index"
checksum = "626fdbb0f6fa1e6be6df0e94795998894c4ad08d3221e12209a6c0b4f546a0c4"
dependencies = [
 "register",
]

[[package]]
name = "kernel"
version = "0.1.0"
dependencies = [
 "cortex-a",
 "qemu-exit",
 "register",
 "test-macros",
 "test-types",
]

[[package]]
name = "proc-macro2"
version = "1.0.24"
source = "registry+https://github.com/rust-lang/crates.io-index"
checksum = "1e0704ee1a7e00d7bb417d0770ea303c1bccbabf0ef1667dae92b5967f5f8a71"
dependencies = [
 "unicode-xid",
]

[[package]]
name = "qemu-exit"
version = "1.0.0"
source = "registry+https://github.com/rust-lang/crates.io-index"
checksum = "b73ae13954572c7ca0ec48ba9fe6a59c0392066eba62f8cb384ffd5addf538c5"

[[package]]
name = "quote"
version = "1.0.7"
source = "registry+https://github.com/rust-lang/crates.io-index"
checksum = "aa563d17ecb180e500da1cfd2b028310ac758de548efdd203e18f283af693f37"
dependencies = [
 "proc-macro2",
]

[[package]]
name = "register"
version = "1.0.0"
source = "registry+https://github.com/rust-lang/crates.io-index"
checksum = "185fff3cbc031a1d17b86a980f8014002da35f9187cf4370728e0eb1eeff6829"
dependencies = [
 "tock-registers",
]

[[package]]
name = "syn"
version = "1.0.50"
source = "registry+https://github.com/rust-lang/crates.io-index"
checksum = "443b4178719c5a851e1bde36ce12da21d74a0e60b4d982ec3385a933c812f0f6"
dependencies = [
 "proc-macro2",
 "quote",
 "unicode-xid",
]

[[package]]
name = "test-macros"
version = "0.1.0"
dependencies = [
 "proc-macro2",
 "quote",
 "syn",
 "test-types",
]

[[package]]
name = "test-types"
version = "0.1.0"

[[package]]
name = "tock-registers"
version = "0.6.0"
source = "registry+https://github.com/rust-lang/crates.io-index"
checksum = "f521a79accce68c417c9c77ce22108056b626126da1932f7e2e9b5bbffee0cea"

[[package]]
name = "unicode-xid"
version = "0.2.1"
source = "registry+https://github.com/rust-lang/crates.io-index"
checksum = "f7fe0bb3479651439c9112f72b6c505038574c9fbb575ed1bf3b797fa39dd564"
