# This file is automatically @generated by Cargo.
# It is not intended for manual editing.
[[package]]
name = "cortex-a"
version = "5.0.0"
source = "registry+https://github.com/rust-lang/crates.io-index"
checksum = "626fdbb0f6fa1e6be6df0e94795998894c4ad08d3221e12209a6c0b4f546a0c4"
dependencies = [
 "register",
]

[[package]]
name = "kernel"
version = "0.1.0"
dependencies = [
 "cortex-a",
 "register",
]

[[package]]
name = "register"
version = "1.0.0"
source = "registry+https://github.com/rust-lang/crates.io-index"
checksum = "185fff3cbc031a1d17b86a980f8014002da35f9187cf4370728e0eb1eeff6829"
dependencies = [
 "tock-registers",
]

[[package]]
name = "tock-registers"
version = "0.6.0"
source = "registry+https://github.com/rust-lang/crates.io-index"
checksum = "f521a79accce68c417c9c77ce22108056b626126da1932f7e2e9b5bbffee0cea"
