# This file is automatically @generated by Cargo.
# It is not intended for manual editing.
version = 3

[[package]]
name = "cortex-a"
version = "7.1.0"
source = "registry+https://github.com/rust-lang/crates.io-index"
checksum = "6d45e46ff04ebb97b52e628261821faba10e190a82130c1467f0a50c21f8b075"
dependencies = [
 "tock-registers",
]

[[package]]
name = "mingo"
version = "0.13.0"
dependencies = [
 "cortex-a",
 "qemu-exit",
 "test-macros",
 "test-types",
 "tock-registers",
]

[[package]]
name = "proc-macro2"
version = "1.0.36"
source = "registry+https://github.com/rust-lang/crates.io-index"
checksum = "c7342d5883fbccae1cc37a2353b09c87c9b0f3afd73f5fb9bba687a1f733b029"
dependencies = [
 "unicode-xid",
]

[[package]]
name = "qemu-exit"
version = "3.0.1"
source = "registry+https://github.com/rust-lang/crates.io-index"
checksum = "9ff023245bfcc73fb890e1f8d5383825b3131cc920020a5c487d6f113dfc428a"

[[package]]
name = "quote"
version = "1.0.15"
source = "registry+https://github.com/rust-lang/crates.io-index"
checksum = "864d3e96a899863136fc6e99f3d7cae289dafe43bf2c5ac19b70df7210c0a145"
dependencies = [
 "proc-macro2",
]

[[package]]
name = "syn"
version = "1.0.86"
source = "registry+https://github.com/rust-lang/crates.io-index"
checksum = "8a65b3f4ffa0092e9887669db0eae07941f023991ab58ea44da8fe8e2d511c6b"
dependencies = [
 "proc-macro2",
 "quote",
 "unicode-xid",
]

[[package]]
name = "test-macros"
version = "0.1.0"
dependencies = [
 "proc-macro2",
 "quote",
 "syn",
 "test-types",
]

[[package]]
name = "test-types"
version = "0.1.0"

[[package]]
name = "tock-registers"
version = "0.7.0"
source = "registry+https://github.com/rust-lang/crates.io-index"
checksum = "4ee8fba06c1f4d0b396ef61a54530bb6b28f0dc61c38bc8bc5a5a48161e6282e"

[[package]]
name = "unicode-xid"
version = "0.2.2"
source = "registry+https://github.com/rust-lang/crates.io-index"
checksum = "8ccb82d61f80a663efe1f787a51b16b5a51e3314d6ac365b08639f52387b33f3"
