# This file is automatically @generated by Cargo.
# It is not intended for manual editing.
[[package]]
name = "cortex-a"
version = "5.1.2"
source = "registry+https://github.com/rust-lang/crates.io-index"
checksum = "d33a61602f83c3fff3e092967ad4d5d820a9fea7bc418e119616872085fe731d"
dependencies = [
 "register",
]

[[package]]
name = "kernel"
version = "0.1.0"
dependencies = [
 "cortex-a",
 "register",
]

[[package]]
name = "register"
version = "1.0.2"
source = "registry+https://github.com/rust-lang/crates.io-index"
checksum = "f4a247de29ab7cc8f5006cfe775c4a81c704f9914c5e2a79696862e643135433"
dependencies = [
 "tock-registers",
]

[[package]]
name = "tock-registers"
version = "0.6.0"
source = "registry+https://github.com/rust-lang/crates.io-index"
checksum = "f521a79accce68c417c9c77ce22108056b626126da1932f7e2e9b5bbffee0cea"
