# This file is automatically @generated by Cargo.
# It is not intended for manual editing.
[[package]]
name = "cortex-a"
version = "4.1.0"
source = "registry+https://github.com/rust-lang/crates.io-index"
checksum = "a389514c1229e12a03c0e8de8b357671b71e1d1bdab3a4f5b591abc94169cba8"
dependencies = [
 "register",
]

[[package]]
name = "kernel"
version = "0.1.0"
dependencies = [
 "cortex-a",
 "register",
]

[[package]]
name = "register"
version = "0.5.1"
source = "registry+https://github.com/rust-lang/crates.io-index"
checksum = "deaba5b0e477d21f61a57504bb5cef4a1e86de30300b457d38971c1cfc98b815"
dependencies = [
 "tock-registers",
]

[[package]]
name = "tock-registers"
version = "0.5.0"
source = "registry+https://github.com/rust-lang/crates.io-index"
checksum = "70323afdb8082186c0986da0e10f6e4ed103d681c921c00597e98d9806dac20f"
