# This file is automatically @generated by Cargo.
# It is not intended for manual editing.
[[package]]
name = "cortex-a"
version = "2.8.2"
source = "registry+https://github.com/rust-lang/crates.io-index"
dependencies = [
 "register 0.4.2 (registry+https://github.com/rust-lang/crates.io-index)",
]

[[package]]
name = "kernel"
version = "0.1.0"
dependencies = [
 "cortex-a 2.8.2 (registry+https://github.com/rust-lang/crates.io-index)",
 "register 0.4.2 (registry+https://github.com/rust-lang/crates.io-index)",
]

[[package]]
name = "register"
version = "0.4.2"
source = "registry+https://github.com/rust-lang/crates.io-index"
dependencies = [
 "tock-registers 0.4.1 (registry+https://github.com/rust-lang/crates.io-index)",
]

[[package]]
name = "tock-registers"
version = "0.4.1"
source = "registry+https://github.com/rust-lang/crates.io-index"

[metadata]
"checksum cortex-a 2.8.2 (registry+https://github.com/rust-lang/crates.io-index)" = "4aab2f5271d9bf17a52b34dd99993648132df3dacb79312a33332f2b6ae1d0fd"
"checksum register 0.4.2 (registry+https://github.com/rust-lang/crates.io-index)" = "a51f149d257caa7d9aed1f870d573ba5e2429576e6fed0693341f23078c98e55"
"checksum tock-registers 0.4.1 (registry+https://github.com/rust-lang/crates.io-index)" = "50af9c49c55cfb4437dd78c1fada3be5d088cbe1bea641db8171283503606a70"
