# This file is automatically @generated by Cargo.
# It is not intended for manual editing.
version = 3

[[package]]
name = "cortex-a"
version = "6.0.0"
source = "registry+https://github.com/rust-lang/crates.io-index"
checksum = "d25a057b35117d030453cd322f7adbdd331e886bc5bde46cdae656952c4feba6"
dependencies = [
 "tock-registers",
]

[[package]]
name = "mingo"
version = "0.14.0"
dependencies = [
 "cortex-a",
 "qemu-exit",
 "test-macros",
 "test-types",
 "tock-registers",
]

[[package]]
name = "proc-macro2"
version = "1.0.26"
source = "registry+https://github.com/rust-lang/crates.io-index"
checksum = "a152013215dca273577e18d2bf00fa862b89b24169fb78c4c95aeb07992c9cec"
dependencies = [
 "unicode-xid",
]

[[package]]
name = "qemu-exit"
version = "2.0.0"
source = "registry+https://github.com/rust-lang/crates.io-index"
checksum = "e179da212ad772061d4120ad2a86a019f929362a477582d8c8014dbf7509cd83"

[[package]]
name = "quote"
version = "1.0.9"
source = "registry+https://github.com/rust-lang/crates.io-index"
checksum = "c3d0b9745dc2debf507c8422de05d7226cc1f0644216dfdfead988f9b1ab32a7"
dependencies = [
 "proc-macro2",
]

[[package]]
name = "syn"
version = "1.0.68"
source = "registry+https://github.com/rust-lang/crates.io-index"
checksum = "3ce15dd3ed8aa2f8eeac4716d6ef5ab58b6b9256db41d7e1a0224c2788e8fd87"
dependencies = [
 "proc-macro2",
 "quote",
 "unicode-xid",
]

[[package]]
name = "test-macros"
version = "0.1.0"
dependencies = [
 "proc-macro2",
 "quote",
 "syn",
 "test-types",
]

[[package]]
name = "test-types"
version = "0.1.0"

[[package]]
name = "tock-registers"
version = "0.7.0"
source = "registry+https://github.com/rust-lang/crates.io-index"
checksum = "4ee8fba06c1f4d0b396ef61a54530bb6b28f0dc61c38bc8bc5a5a48161e6282e"

[[package]]
name = "unicode-xid"
version = "0.2.1"
source = "registry+https://github.com/rust-lang/crates.io-index"
checksum = "f7fe0bb3479651439c9112f72b6c505038574c9fbb575ed1bf3b797fa39dd564"
