[[package]]
name = "kernel8"
version = "0.1.0"
dependencies = [
 "raspi3_glue 0.1.0",
 "volatile-register 0.2.0 (registry+https://github.com/rust-lang/crates.io-index)",
]

[[package]]
name = "panic-abort"
version = "0.2.0"
source = "registry+https://github.com/rust-lang/crates.io-index"

[[package]]
name = "raspi3_glue"
version = "0.1.0"
dependencies = [
 "panic-abort 0.2.0 (registry+https://github.com/rust-lang/crates.io-index)",
]

[[package]]
name = "vcell"
version = "0.1.0"
source = "registry+https://github.com/rust-lang/crates.io-index"

[[package]]
name = "volatile-register"
version = "0.2.0"
source = "registry+https://github.com/rust-lang/crates.io-index"
dependencies = [
 "vcell 0.1.0 (registry+https://github.com/rust-lang/crates.io-index)",
]

[metadata]
"checksum panic-abort 0.2.0 (registry+https://github.com/rust-lang/crates.io-index)" = "6bc796c620f27056d4ffe7c558533fd67ae5af0fd8e919fbe38de803368af73e"
"checksum vcell 0.1.0 (registry+https://github.com/rust-lang/crates.io-index)" = "45c297f0afb6928cd08ab1ff9d95e99392595ea25ae1b5ecf822ff8764e57a0d"
"checksum volatile-register 0.2.0 (registry+https://github.com/rust-lang/crates.io-index)" = "0d67cb4616d99b940db1d6bd28844ff97108b498a6ca850e5b6191a532063286"
