# This file is automatically @generated by Cargo.
# It is not intended for manual editing.
[[package]]
name = "kernel8"
version = "0.1.0"
dependencies = [
 "panic-abort 0.3.1 (registry+https://github.com/rust-lang/crates.io-index)",
]

[[package]]
name = "panic-abort"
version = "0.3.1"
source = "registry+https://github.com/rust-lang/crates.io-index"

[metadata]
"checksum panic-abort 0.3.1 (registry+https://github.com/rust-lang/crates.io-index)" = "2c14a66511ed17b6a8b4256b868d7fd207836d891db15eea5195dbcaf87e630f"
