# This file is automatically @generated by Cargo.
# It is not intended for manual editing.
[[package]]
name = "cortex-a"
version = "3.0.0"
source = "registry+https://github.com/rust-lang/crates.io-index"
dependencies = [
 "register 0.5.0 (registry+https://github.com/rust-lang/crates.io-index)",
]

[[package]]
name = "kernel"
version = "0.1.0"
dependencies = [
 "cortex-a 3.0.0 (registry+https://github.com/rust-lang/crates.io-index)",
 "register 0.5.0 (registry+https://github.com/rust-lang/crates.io-index)",
]

[[package]]
name = "register"
version = "0.5.0"
source = "registry+https://github.com/rust-lang/crates.io-index"
dependencies = [
 "tock-registers 0.5.0 (registry+https://github.com/rust-lang/crates.io-index)",
]

[[package]]
name = "tock-registers"
version = "0.5.0"
source = "registry+https://github.com/rust-lang/crates.io-index"

[metadata]
"checksum cortex-a 3.0.0 (registry+https://github.com/rust-lang/crates.io-index)" = "fe426c156a94855f18a660f9310c2f277b7f03d2c2ba4d4c6e0b7aa16b02cbc2"
"checksum register 0.5.0 (registry+https://github.com/rust-lang/crates.io-index)" = "6e10c2ba523bc81270ecb9b6ca6704f42cd1efec89fddbfe0e520ad0e218f401"
"checksum tock-registers 0.5.0 (registry+https://github.com/rust-lang/crates.io-index)" = "70323afdb8082186c0986da0e10f6e4ed103d681c921c00597e98d9806dac20f"
