[[package]]
name = "kernel8"
version = "0.1.0"
dependencies = [
 "raspi3_boot 0.1.0",
]

[[package]]
name = "panic-abort"
version = "0.2.0"
source = "registry+https://github.com/rust-lang/crates.io-index"

[[package]]
name = "r0"
version = "0.2.2"
source = "registry+https://github.com/rust-lang/crates.io-index"

[[package]]
name = "raspi3_boot"
version = "0.1.0"
dependencies = [
 "panic-abort 0.2.0 (registry+https://github.com/rust-lang/crates.io-index)",
 "r0 0.2.2 (registry+https://github.com/rust-lang/crates.io-index)",
]

[metadata]
"checksum panic-abort 0.2.0 (registry+https://github.com/rust-lang/crates.io-index)" = "6bc796c620f27056d4ffe7c558533fd67ae5af0fd8e919fbe38de803368af73e"
"checksum r0 0.2.2 (registry+https://github.com/rust-lang/crates.io-index)" = "e2a38df5b15c8d5c7e8654189744d8e396bddc18ad48041a500ce52d6948941f"
